
Microsoft Visual Studio Solution File, Format Version 12.00
# Visual Studio Version 17
VisualStudioVersion = 17.14.37012.4 d17.14
MinimumVisualStudioVersion = 10.0.40219.1
Project("{FAE04EC0-301F-11D3-BF4B-00C04F79EFBC}") = "NZWalks.API", "NZWalks.API\NZWalks.API.csproj", "{D131EF49-9C2A-4685-A498-5A2E372A4964}"
EndProject
Global
	GlobalSection(SolutionConfigurationPlatforms) = preSolution
		Debug|Any CPU = Debug|Any CPU
		Release|Any CPU = Release|Any CPU
	EndGlobalSection
	GlobalSection(ProjectConfigurationPlatforms) = postSolution
		{D131EF49-9C2A-4685-A498-5A2E372A4964}.Debug|Any CPU.ActiveCfg = Debug|Any CPU
		{D131EF49-9C2A-4685-A498-5A2E372A4964}.Debug|Any CPU.Build.0 = Debug|Any CPU
		{D131EF49-9C2A-4685-A498-5A2E372A4964}.Release|Any CPU.ActiveCfg = Release|Any CPU
		{D131EF49-9C2A-4685-A498-5A2E372A4964}.Release|Any CPU.Build.0 = Release|Any CPU
	EndGlobalSection
	GlobalSection(SolutionProperties) = preSolution
		HideSolutionNode = FALSE
	EndGlobalSection
	GlobalSection(ExtensibilityGlobals) = postSolution
		SolutionGuid = {D1056F84-B141-45FE-90CD-377B2CE920DC}
	EndGlobalSection
EndGlobal
